
Microsoft Visual Studio Solution File, Format Version 12.00
# Visual Studio Version 17
VisualStudioVersion = 17.9.34723.18
MinimumVisualStudioVersion = 10.0.40219.1
Project("{9A19103F-16F7-4668-BE54-9A1E7A4F7556}") = "FigureCalculator.Contracts", "Contracts\FigureCalculator.Contracts.csproj", "{FEB2813C-752E-44AA-B888-27E7952A0F16}"
EndProject
Project("{9A19103F-16F7-4668-BE54-9A1E7A4F7556}") = "FigureCalculator.Tests", "FigureCalculator.Tests\FigureCalculator.Tests.csproj", "{DE872E08-ADEF-4E01-9A03-05C4BFDA1469}"
EndProject
Project("{9A19103F-16F7-4668-BE54-9A1E7A4F7556}") = "FigureCalculator", "FigureCalculator\FigureCalculator.csproj", "{7163BF45-3852-4D89-ADB6-D265E0086088}"
EndProject
Global
	GlobalSection(SolutionConfigurationPlatforms) = preSolution
		Debug|Any CPU = Debug|Any CPU
		Release|Any CPU = Release|Any CPU
	EndGlobalSection
	GlobalSection(ProjectConfigurationPlatforms) = postSolution
		{FEB2813C-752E-44AA-B888-27E7952A0F16}.Debug|Any CPU.ActiveCfg = Debug|Any CPU
		{FEB2813C-752E-44AA-B888-27E7952A0F16}.Debug|Any CPU.Build.0 = Debug|Any CPU
		{FEB2813C-752E-44AA-B888-27E7952A0F16}.Release|Any CPU.ActiveCfg = Release|Any CPU
		{FEB2813C-752E-44AA-B888-27E7952A0F16}.Release|Any CPU.Build.0 = Release|Any CPU
		{DE872E08-ADEF-4E01-9A03-05C4BFDA1469}.Debug|Any CPU.ActiveCfg = Debug|Any CPU
		{DE872E08-ADEF-4E01-9A03-05C4BFDA1469}.Debug|Any CPU.Build.0 = Debug|Any CPU
		{DE872E08-ADEF-4E01-9A03-05C4BFDA1469}.Release|Any CPU.ActiveCfg = Release|Any CPU
		{DE872E08-ADEF-4E01-9A03-05C4BFDA1469}.Release|Any CPU.Build.0 = Release|Any CPU
		{7163BF45-3852-4D89-ADB6-D265E0086088}.Debug|Any CPU.ActiveCfg = Debug|Any CPU
		{7163BF45-3852-4D89-ADB6-D265E0086088}.Debug|Any CPU.Build.0 = Debug|Any CPU
		{7163BF45-3852-4D89-ADB6-D265E0086088}.Release|Any CPU.ActiveCfg = Release|Any CPU
		{7163BF45-3852-4D89-ADB6-D265E0086088}.Release|Any CPU.Build.0 = Release|Any CPU
	EndGlobalSection
	GlobalSection(SolutionProperties) = preSolution
		HideSolutionNode = FALSE
	EndGlobalSection
	GlobalSection(ExtensibilityGlobals) = postSolution
		SolutionGuid = {5B30A022-A74B-4057-A96D-8EBCA6DCDCC3}
	EndGlobalSection
EndGlobal
